// !$*UTF8*$!
{
	archiveVersion = 1;
	classes = {
	};
	objectVersion = 56;
	objects = {

/* Begin PBXBuildFile section */
		1307CECB2AF571A0002DA8AB /* Tabata_20_10App.swift in Sources */ = {isa = PBXBuildFile; fileRef = 1307CECA2AF571A0002DA8AB /* Tabata_20_10App.swift */; };
		1307CECD2AF571A0002DA8AB /* ContentView.swift in Sources */ = {isa = PBXBuildFile; fileRef = 1307CECC2AF571A0002DA8AB /* ContentView.swift */; };
		1307CECF2AF571A1002DA8AB /* Assets.xcassets in Resources */ = {isa = PBXBuildFile; fileRef = 1307CECE2AF571A1002DA8AB /* Assets.xcassets */; };
		1307CED22AF571A1002DA8AB /* Preview Assets.xcassets in Resources */ = {isa = PBXBuildFile; fileRef = 1307CED12AF571A1002DA8AB /* Preview Assets.xcassets */; };
		13653DD62B05340000AC1A91 /* beep.m4a in Resources */ = {isa = PBXBuildFile; fileRef = 13653DD52B05340000AC1A91 /* beep.m4a */; };
/* End PBXBuildFile section */

/* Begin PBXFileReference section */
		1307CEC72AF571A0002DA8AB /* Tabata 20-10.app */ = {isa = PBXFileReference; explicitFileType = wrapper.application; includeInIndex = 0; path = "Tabata 20-10.app"; sourceTree = BUILT_PRODUCTS_DIR; };
		1307CECA2AF571A0002DA8AB /* Tabata_20_10App.swift */ = {isa = PBXFileReference; lastKnownFileType = sourcecode.swift; path = Tabata_20_10App.swift; sourceTree = "<group>"; };
		1307CECC2AF571A0002DA8AB /* ContentView.swift */ = {isa = PBXFileReference; lastKnownFileType = sourcecode.swift; path = ContentView.swift; sourceTree = "<group>"; };
		1307CECE2AF571A1002DA8AB /* Assets.xcassets */ = {isa = PBXFileReference; lastKnownFileType = folder.assetcatalog; path = Assets.xcassets; sourceTree = "<group>"; };
		1307CED12AF571A1002DA8AB /* Preview Assets.xcassets */ = {isa = PBXFileReference; lastKnownFileType = folder.assetcatalog; path = "Preview Assets.xcassets"; sourceTree = "<group>"; };
		1307CED82AF575CF002DA8AB /* Tabata-20-10-Info.plist */ = {isa = PBXFileReference; lastKnownFileType = text.plist; path = "Tabata-20-10-Info.plist"; sourceTree = SOURCE_ROOT; };
		13653DD52B05340000AC1A91 /* beep.m4a */ = {isa = PBXFileReference; lastKnownFileType = file; path = beep.m4a; sourceTree = "<group>"; };
/* End PBXFileReference section */

/* Begin PBXFrameworksBuildPhase section */
		1307CEC42AF571A0002DA8AB /* Frameworks */ = {
			isa = PBXFrameworksBuildPhase;
			buildActionMask = 2147483647;
			files = (
			);
			runOnlyForDeploymentPostprocessing = 0;
		};
/* End PBXFrameworksBuildPhase section */

/* Begin PBXGroup section */
		1307CEBE2AF571A0002DA8AB = {
			isa = PBXGroup;
			children = (
				1307CEC92AF571A0002DA8AB /* Tabata 20-10 */,
				1307CEC82AF571A0002DA8AB /* Products */,
			);
			sourceTree = "<group>";
		};
		1307CEC82AF571A0002DA8AB /* Products */ = {
			isa = PBXGroup;
			children = (
				1307CEC72AF571A0002DA8AB /* Tabata 20-10.app */,
			);
			name = Products;
			sourceTree = "<group>";
		};
		1307CEC92AF571A0002DA8AB /* Tabata 20-10 */ = {
			isa = PBXGroup;
			children = (
				13653DD52B05340000AC1A91 /* beep.m4a */,
				1307CED82AF575CF002DA8AB /* Tabata-20-10-Info.plist */,
				1307CECA2AF571A0002DA8AB /* Tabata_20_10App.swift */,
				1307CECC2AF571A0002DA8AB /* ContentView.swift */,
				1307CECE2AF571A1002DA8AB /* Assets.xcassets */,
				1307CED02AF571A1002DA8AB /* Preview Content */,
			);
			path = "Tabata 20-10";
			sourceTree = "<group>";
		};
		1307CED02AF571A1002DA8AB /* Preview Content */ = {
			isa = PBXGroup;
			children = (
				1307CED12AF571A1002DA8AB /* Preview Assets.xcassets */,
			);
			path = "Preview Content";
			sourceTree = "<group>";
		};
/* End PBXGroup section */

/* Begin PBXNativeTarget section */
		1307CEC62AF571A0002DA8AB /* Tabata 20-10 */ = {
			isa = PBXNativeTarget;
			buildConfigurationList = 1307CED52AF571A1002DA8AB /* Build configuration list for PBXNativeTarget "Tabata 20-10" */;
			buildPhases = (
				1307CEC32AF571A0002DA8AB /* Sources */,
				1307CEC42AF571A0002DA8AB /* Frameworks */,
				1307CEC52AF571A0002DA8AB /* Resources */,
			);
			buildRules = (
			);
			dependencies = (
			);
			name = "Tabata 20-10";
			productName = "Tabata 20-10";
			productReference = 1307CEC72AF571A0002DA8AB /* Tabata 20-10.app */;
			productType = "com.apple.product-type.application";
		};
/* End PBXNativeTarget section */

/* Begin PBXProject section */
		1307CEBF2AF571A0002DA8AB /* Project object */ = {
			isa = PBXProject;
			attributes = {
				BuildIndependentTargetsInParallel = 1;
				LastSwiftUpdateCheck = 1430;
				LastUpgradeCheck = 1430;
				TargetAttributes = {
					1307CEC62AF571A0002DA8AB = {
						CreatedOnToolsVersion = 14.3;
					};
				};
			};
			buildConfigurationList = 1307CEC22AF571A0002DA8AB /* Build configuration list for PBXProject "Tabata 20-10" */;
			compatibilityVersion = "Xcode 14.0";
			developmentRegion = en;
			hasScannedForEncodings = 0;
			knownRegions = (
				en,
				Base,
			);
			mainGroup = 1307CEBE2AF571A0002DA8AB;
			productRefGroup = 1307CEC82AF571A0002DA8AB /* Products */;
			projectDirPath = "";
			projectRoot = "";
			targets = (
				1307CEC62AF571A0002DA8AB /* Tabata 20-10 */,
			);
		};
/* End PBXProject section */

/* Begin PBXResourcesBuildPhase section */
		1307CEC52AF571A0002DA8AB /* Resources */ = {
			isa = PBXResourcesBuildPhase;
			buildActionMask = 2147483647;
			files = (
				1307CED22AF571A1002DA8AB /* Preview Assets.xcassets in Resources */,
				13653DD62B05340000AC1A91 /* beep.m4a in Resources */,
				1307CECF2AF571A1002DA8AB /* Assets.xcassets in Resources */,
			);
			runOnlyForDeploymentPostprocessing = 0;
		};
/* End PBXResourcesBuildPhase section */

/* Begin PBXSourcesBuildPhase section */
		1307CEC32AF571A0002DA8AB /* Sources */ = {
			isa = PBXSourcesBuildPhase;
			buildActionMask = 2147483647;
			files = (
				1307CECD2AF571A0002DA8AB /* ContentView.swift in Sources */,
				1307CECB2AF571A0002DA8AB /* Tabata_20_10App.swift in Sources */,
			);
			runOnlyForDeploymentPostprocessing = 0;
		};
/* End PBXSourcesBuildPhase section */

/* Begin XCBuildConfiguration section */
		1307CED32AF571A1002DA8AB /* Debug */ = {
			isa = XCBuildConfiguration;
			buildSettings = {
				ALWAYS_SEARCH_USER_PATHS = NO;
				CLANG_ANALYZER_NONNULL = YES;
				CLANG_ANALYZER_NUMBER_OBJECT_CONVERSION = YES_AGGRESSIVE;
				CLANG_CXX_LANGUAGE_STANDARD = "gnu++20";
				CLANG_ENABLE_MODULES = YES;
				CLANG_ENABLE_OBJC_ARC = YES;
				CLANG_ENABLE_OBJC_WEAK = YES;
				CLANG_WARN_BLOCK_CAPTURE_AUTORELEASING = YES;
				CLANG_WARN_BOOL_CONVERSION = YES;
				CLANG_WARN_COMMA = YES;
				CLANG_WARN_CONSTANT_CONVERSION = YES;
				CLANG_WARN_DEPRECATED_OBJC_IMPLEMENTATIONS = YES;
				CLANG_WARN_DIRECT_OBJC_ISA_USAGE = YES_ERROR;
				CLANG_WARN_DOCUMENTATION_COMMENTS = YES;
				CLANG_WARN_EMPTY_BODY = YES;
				CLANG_WARN_ENUM_CONVERSION = YES;
				CLANG_WARN_INFINITE_RECURSION = YES;
				CLANG_WARN_INT_CONVERSION = YES;
				CLANG_WARN_NON_LITERAL_NULL_CONVERSION = YES;
				CLANG_WARN_OBJC_IMPLICIT_RETAIN_SELF = YES;
				CLANG_WARN_OBJC_LITERAL_CONVERSION = YES;
				CLANG_WARN_OBJC_ROOT_CLASS = YES_ERROR;
				CLANG_WARN_QUOTED_INCLUDE_IN_FRAMEWORK_HEADER = YES;
				CLANG_WARN_RANGE_LOOP_ANALYSIS = YES;
				CLANG_WARN_STRICT_PROTOTYPES = YES;
				CLANG_WARN_SUSPICIOUS_MOVE = YES;
				CLANG_WARN_UNGUARDED_AVAILABILITY = YES_AGGRESSIVE;
				CLANG_WARN_UNREACHABLE_CODE = YES;
				CLANG_WARN__DUPLICATE_METHOD_MATCH = YES;
				COPY_PHASE_STRIP = NO;
				DEBUG_INFORMATION_FORMAT = dwarf;
				ENABLE_STRICT_OBJC_MSGSEND = YES;
				ENABLE_TESTABILITY = YES;
				GCC_C_LANGUAGE_STANDARD = gnu11;
				GCC_DYNAMIC_NO_PIC = NO;
				GCC_NO_COMMON_BLOCKS = YES;
				GCC_OPTIMIZATION_LEVEL = 0;
				GCC_PREPROCESSOR_DEFINITIONS = (
					"DEBUG=1",
					"$(inherited)",
				);
				GCC_WARN_64_TO_32_BIT_CONVERSION = YES;
				GCC_WARN_ABOUT_RETURN_TYPE = YES_ERROR;
				GCC_WARN_UNDECLARED_SELECTOR = YES;
				GCC_WARN_UNINITIALIZED_AUTOS = YES_AGGRESSIVE;
				GCC_WARN_UNUSED_FUNCTION = YES;
				GCC_WARN_UNUSED_VARIABLE = YES;
				IPHONEOS_DEPLOYMENT_TARGET = 16.4;
				MTL_ENABLE_DEBUG_INFO = INCLUDE_SOURCE;
				MTL_FAST_MATH = YES;
				ONLY_ACTIVE_ARCH = YES;
				SDKROOT = iphoneos;
				SWIFT_ACTIVE_COMPILATION_CONDITIONS = DEBUG;
				SWIFT_OPTIMIZATION_LEVEL = "-Onone";
			};
			name = Debug;
		};
		1307CED42AF571A1002DA8AB /* Release */ = {
			isa = XCBuildConfiguration;
			buildSettings = {
				ALWAYS_SEARCH_USER_PATHS = NO;
				CLANG_ANALYZER_NONNULL = YES;
				CLANG_ANALYZER_NUMBER_OBJECT_CONVERSION = YES_AGGRESSIVE;
				CLANG_CXX_LANGUAGE_STANDARD = "gnu++20";
				CLANG_ENABLE_MODULES = YES;
				CLANG_ENABLE_OBJC_ARC = YES;
				CLANG_ENABLE_OBJC_WEAK = YES;
				CLANG_WARN_BLOCK_CAPTURE_AUTORELEASING = YES;
				CLANG_WARN_BOOL_CONVERSION = YES;
				CLANG_WARN_COMMA = YES;
				CLANG_WARN_CONSTANT_CONVERSION = YES;
				CLANG_WARN_DEPRECATED_OBJC_IMPLEMENTATIONS = YES;
				CLANG_WARN_DIRECT_OBJC_ISA_USAGE = YES_ERROR;
				CLANG_WARN_DOCUMENTATION_COMMENTS = YES;
				CLANG_WARN_EMPTY_BODY = YES;
				CLANG_WARN_ENUM_CONVERSION = YES;
				CLANG_WARN_INFINITE_RECURSION = YES;
				CLANG_WARN_INT_CONVERSION = YES;
				CLANG_WARN_NON_LITERAL_NULL_CONVERSION = YES;
				CLANG_WARN_OBJC_IMPLICIT_RETAIN_SELF = YES;
				CLANG_WARN_OBJC_LITERAL_CONVERSION = YES;
				CLANG_WARN_OBJC_ROOT_CLASS = YES_ERROR;
				CLANG_WARN_QUOTED_INCLUDE_IN_FRAMEWORK_HEADER = YES;
				CLANG_WARN_RANGE_LOOP_ANALYSIS = YES;
				CLANG_WARN_STRICT_PROTOTYPES = YES;
				CLANG_WARN_SUSPICIOUS_MOVE = YES;
				CLANG_WARN_UNGUARDED_AVAILABILITY = YES_AGGRESSIVE;
				CLANG_WARN_UNREACHABLE_CODE = YES;
				CLANG_WARN__DUPLICATE_METHOD_MATCH = YES;
				COPY_PHASE_STRIP = NO;
				DEBUG_INFORMATION_FORMAT = "dwarf-with-dsym";
				ENABLE_NS_ASSERTIONS = NO;
				ENABLE_STRICT_OBJC_MSGSEND = YES;
				GCC_C_LANGUAGE_STANDARD = gnu11;
				GCC_NO_COMMON_BLOCKS = YES;
				GCC_WARN_64_TO_32_BIT_CONVERSION = YES;
				GCC_WARN_ABOUT_RETURN_TYPE = YES_ERROR;
				GCC_WARN_UNDECLARED_SELECTOR = YES;
				GCC_WARN_UNINITIALIZED_AUTOS = YES_AGGRESSIVE;
				GCC_WARN_UNUSED_FUNCTION = YES;
				GCC_WARN_UNUSED_VARIABLE = YES;
				IPHONEOS_DEPLOYMENT_TARGET = 16.4;
				MTL_ENABLE_DEBUG_INFO = NO;
				MTL_FAST_MATH = YES;
				SDKROOT = iphoneos;
				SWIFT_COMPILATION_MODE = wholemodule;
				SWIFT_OPTIMIZATION_LEVEL = "-O";
				VALIDATE_PRODUCT = YES;
			};
			name = Release;
		};
		1307CED62AF571A1002DA8AB /* Debug */ = {
			isa = XCBuildConfiguration;
			buildSettings = {
				ASSETCATALOG_COMPILER_APPICON_NAME = AppIcon;
				ASSETCATALOG_COMPILER_GLOBAL_ACCENT_COLOR_NAME = AccentColor;
				CODE_SIGN_STYLE = Automatic;
				CURRENT_PROJECT_VERSION = 1;
				DEVELOPMENT_ASSET_PATHS = "\"Tabata 20-10/Preview Content\"";
				DEVELOPMENT_TEAM = VJF3VBKXV9;
				ENABLE_PREVIEWS = YES;
				GENERATE_INFOPLIST_FILE = YES;
				INFOPLIST_FILE = "Tabata-20-10-Info.plist";
				INFOPLIST_KEY_UIApplicationSceneManifest_Generation = YES;
				INFOPLIST_KEY_UIApplicationSupportsIndirectInputEvents = YES;
				INFOPLIST_KEY_UILaunchScreen_Generation = YES;
				INFOPLIST_KEY_UISupportedInterfaceOrientations_iPad = "UIInterfaceOrientationPortrait UIInterfaceOrientationPortraitUpsideDown UIInterfaceOrientationLandscapeLeft UIInterfaceOrientationLandscapeRight";
				INFOPLIST_KEY_UISupportedInterfaceOrientations_iPhone = "UIInterfaceOrientationPortrait UIInterfaceOrientationLandscapeLeft UIInterfaceOrientationLandscapeRight";
				LD_RUNPATH_SEARCH_PATHS = (
					"$(inherited)",
					"@executable_path/Frameworks",
				);
				MARKETING_VERSION = 1.0;
				PRODUCT_BUNDLE_IDENTIFIER = "Dice.Tabata-20-10";
				PRODUCT_NAME = "$(TARGET_NAME)";
				SWIFT_EMIT_LOC_STRINGS = YES;
				SWIFT_VERSION = 5.0;
				TARGETED_DEVICE_FAMILY = "1,2";
			};
			name = Debug;
		};
		1307CED72AF571A1002DA8AB /* Release */ = {
			isa = XCBuildConfiguration;
			buildSettings = {
				ASSETCATALOG_COMPILER_APPICON_NAME = AppIcon;
				ASSETCATALOG_COMPILER_GLOBAL_ACCENT_COLOR_NAME = AccentColor;
				CODE_SIGN_STYLE = Automatic;
				CURRENT_PROJECT_VERSION = 1;
				DEVELOPMENT_ASSET_PATHS = "\"Tabata 20-10/Preview Content\"";
				DEVELOPMENT_TEAM = VJF3VBKXV9;
				ENABLE_PREVIEWS = YES;
				GENERATE_INFOPLIST_FILE = YES;
				INFOPLIST_FILE = "Tabata-20-10-Info.plist";
				INFOPLIST_KEY_UIApplicationSceneManifest_Generation = YES;
				INFOPLIST_KEY_UIApplicationSupportsIndirectInputEvents = YES;
				INFOPLIST_KEY_UILaunchScreen_Generation = YES;
				INFOPLIST_KEY_UISupportedInterfaceOrientations_iPad = "UIInterfaceOrientationPortrait UIInterfaceOrientationPortraitUpsideDown UIInterfaceOrientationLandscapeLeft UIInterfaceOrientationLandscapeRight";
				INFOPLIST_KEY_UISupportedInterfaceOrientations_iPhone = "UIInterfaceOrientationPortrait UIInterfaceOrientationLandscapeLeft UIInterfaceOrientationLandscapeRight";
				LD_RUNPATH_SEARCH_PATHS = (
					"$(inherited)",
					"@executable_path/Frameworks",
				);
				MARKETING_VERSION = 1.0;
				PRODUCT_BUNDLE_IDENTIFIER = "Dice.Tabata-20-10";
				PRODUCT_NAME = "$(TARGET_NAME)";
				SWIFT_EMIT_LOC_STRINGS = YES;
				SWIFT_VERSION = 5.0;
				TARGETED_DEVICE_FAMILY = "1,2";
			};
			name = Release;
		};
/* End XCBuildConfiguration section */

/* Begin XCConfigurationList section */
		1307CEC22AF571A0002DA8AB /* Build configuration list for PBXProject "Tabata 20-10" */ = {
			isa = XCConfigurationList;
			buildConfigurations = (
				1307CED32AF571A1002DA8AB /* Debug */,
				1307CED42AF571A1002DA8AB /* Release */,
			);
			defaultConfigurationIsVisible = 0;
			defaultConfigurationName = Release;
		};
		1307CED52AF571A1002DA8AB /* Build configuration list for PBXNativeTarget "Tabata 20-10" */ = {
			isa = XCConfigurationList;
			buildConfigurations = (
				1307CED62AF571A1002DA8AB /* Debug */,
				1307CED72AF571A1002DA8AB /* Release */,
			);
			defaultConfigurationIsVisible = 0;
			defaultConfigurationName = Release;
		};
/* End XCConfigurationList section */
	};
	rootObject = 1307CEBF2AF571A0002DA8AB /* Project object */;
}
